
Microsoft Visual Studio Solution File, Format Version 12.00
# Visual Studio Version 16
VisualStudioVersion = 16.0.29728.190
MinimumVisualStudioVersion = 10.0.40219.1
Project("{FAE04EC0-301F-11D3-BF4B-00C04F79EFBC}") = "Calculator-lab2", "Calculator-lab2\Calculator-lab2.csproj", "{FC7B551D-F6D8-4890-BC7A-043F4B7BFBF8}"
EndProject
Global
	GlobalSection(SolutionConfigurationPlatforms) = preSolution
		Debug|Any CPU = Debug|Any CPU
		Release|Any CPU = Release|Any CPU
	EndGlobalSection
	GlobalSection(ProjectConfigurationPlatforms) = postSolution
		{FC7B551D-F6D8-4890-BC7A-043F4B7BFBF8}.Debug|Any CPU.ActiveCfg = Debug|Any CPU
		{FC7B551D-F6D8-4890-BC7A-043F4B7BFBF8}.Debug|Any CPU.Build.0 = Debug|Any CPU
		{FC7B551D-F6D8-4890-BC7A-043F4B7BFBF8}.Release|Any CPU.ActiveCfg = Release|Any CPU
		{FC7B551D-F6D8-4890-BC7A-043F4B7BFBF8}.Release|Any CPU.Build.0 = Release|Any CPU
	EndGlobalSection
	GlobalSection(SolutionProperties) = preSolution
		HideSolutionNode = FALSE
	EndGlobalSection
	GlobalSection(ExtensibilityGlobals) = postSolution
		SolutionGuid = {62603C17-3D9E-4616-9CAD-120DD5E77AF2}
	EndGlobalSection
EndGlobal
